# This file is automatically @generated by Cargo.
# It is not intended for manual editing.
version = 4

[[package]]
name = "blitz-wasm-demo"
version = "0.1.0"
dependencies = [
 "blitz-wasm-guest",
]

[[package]]
name = "blitz-wasm-guest"
version = "0.1.0"

[[patch.unused]]
name = "ps-anyrender"
version = "0.12.0"

[[patch.unused]]
name = "ps-anyrender-svg"
version = "0.14.0"

[[patch.unused]]
name = "ps-anyrender-vello"
version = "0.13.0"

[[patch.unused]]
name = "ps-anyrender-vello-cpu"
version = "0.15.0"

[[patch.unused]]
name = "ps-anyrender-vello-hybrid"
version = "0.9.0"
